# This file is generated by running "yarn install" inside your project.
# Manual changes might be lost - proceed with caution!

__metadata:
  version: 4

"@types/node@npm:>=8.1.0":
  version: 14.0.13
  resolution: "@types/node@npm:14.0.13"
  checksum: 8d0e837ea864eb64936123821b9320d5b525e859f413068dbae110e1a8e8042859eddda4867eb737fe5d4f829db2721e580991a4d59d4cd0e4feede01fd0ff9d
  languageName: node
  linkType: hard

"ajv@npm:^6.5.5":
  version: 6.12.2
  resolution: "ajv@npm:6.12.2"
  dependencies:
    fast-deep-equal: ^3.1.1
    fast-json-stable-stringify: ^2.0.0
    json-schema-traverse: ^0.4.1
    uri-js: ^4.2.2
  checksum: a40126c49d1e0af45d02060141634427ec3210b3f244e73b6655f7fcc7e452d5bb4f4454a5c20cd157d9b616c20e42ce935af19538d51692248f74a2cbea931d
  languageName: node
  linkType: hard

"asn1@npm:~0.2.3":
  version: 0.2.4
  resolution: "asn1@npm:0.2.4"
  dependencies:
    safer-buffer: ~2.1.0
  checksum: 6f8ecf66e024f3fb329233b7e76a39b81b9dc84f4b75a8727ad059ca6a64973a2e4e5b4bed564022d59df954af806bfd6af0cd4500cacab3ac0850fedd9b913a
  languageName: node
  linkType: hard

"assert-plus@npm:1.0.0, assert-plus@npm:^1.0.0":
  version: 1.0.0
  resolution: "assert-plus@npm:1.0.0"
  checksum: 0dbcfb92c233e31f58bc2dd4109728e961eef044dc31b8f85f2b7bd2b0435fc32312258de4e7d9ad07d641aef663b3336d071ad2aa31fdf0686848315cc67f26
  languageName: node
  linkType: hard

"asynckit@npm:^0.4.0":
  version: 0.4.0
  resolution: "asynckit@npm:0.4.0"
  checksum: 9f0abbb2af5ed83007505d1a98e6e6bc63dc8ffaa28288927d978c0d1f7af0a106ae05bac2407078fd147c1001068c0f9a7cc21e94d34b9838f78109c5266948
  languageName: node
  linkType: hard

"aws-sign2@npm:~0.7.0":
  version: 0.7.0
  resolution: "aws-sign2@npm:0.7.0"
  checksum: 448068c11ab51c1e797956a72d52a068f5600753e07e90c18a894799744bfd2b161d83e2217162d05ade214579f69624b9a9374c693572e6821fd2d1eea72099
  languageName: node
  linkType: hard

"aws4@npm:^1.8.0":
  version: 1.10.0
  resolution: "aws4@npm:1.10.0"
  checksum: 10a99aa90b3f86d8abc679606ebabb366ca7135763e931ca7888ba1a05e55244728502cdc99690b5abb31f15ca48c9b47c458928170ceb21d56a85af1958f44b
  languageName: node
  linkType: hard

"bcrypt-pbkdf@npm:^1.0.0":
  version: 1.0.2
  resolution: "bcrypt-pbkdf@npm:1.0.2"
  dependencies:
    tweetnacl: ^0.14.3
  checksum: be6f38b9db6df9b023c17d952a02809eec63931c2183e6b3a9b373f971f85f8a1372e3a379d72877f748695d313eaee033fc1b7905448f62d75e4bef3ef175cb
  languageName: node
  linkType: hard

"bluebird@npm:^3.4.1":
  version: 3.7.2
  resolution: "bluebird@npm:3.7.2"
  checksum: 4e5f205679664a37ef57a4001c0a3efc1157caac424fd16464f58ef3bea311b4dd1de6fb329275c4d04aec7ec94fad37c3e04f56a52a4ed4a6949d61057461cb
  languageName: node
  linkType: hard

"caseless@npm:~0.12.0":
  version: 0.12.0
  resolution: "caseless@npm:0.12.0"
  checksum: 78d62874b145ce0351ebdc76fe77402ef47ac9d94728e896606ffc2da85d049311824219dc671bb9a957eb56dcd223dc785a743da28b2740ca0f966c0ac240dd
  languageName: node
  linkType: hard

"combined-stream@npm:^1.0.6, combined-stream@npm:~1.0.6":
  version: 1.0.8
  resolution: "combined-stream@npm:1.0.8"
  dependencies:
    delayed-stream: ~1.0.0
  checksum: caf371134e0b2f06a2179011439a7f4568c026393b384ccee5f3dd624a7b5f5ba2ae2370b358c4869b73d05d00d5ea9a0140331ae49eb88f68e09c05a6dacc0c
  languageName: node
  linkType: hard

"core-util-is@npm:1.0.2":
  version: 1.0.2
  resolution: "core-util-is@npm:1.0.2"
  checksum: b2aeb723279455a85125383b7067e66d650187adee4151b6587bc28d8334c9d5ebbc6e4bd6c344355191865e1add46fdec83f2a7f4d83889cfe7e586d9fd50b6
  languageName: node
  linkType: hard

"currency-codes@npm:^1.5.1":
  version: 1.5.1
  resolution: "currency-codes@npm:1.5.1"
  dependencies:
    first-match: ~0.0.1
    nub: ~0.0.0
  checksum: 998831ce1d9c5a8dc5be8980e93da112076014203b93b054c90017e854e4b63d73cc10272e9aa4a9b36c2efcda508f80631ef9295d0030af2241925f0d41aaa1
  languageName: node
  linkType: hard

"dashdash@npm:^1.12.0":
  version: 1.14.1
  resolution: "dashdash@npm:1.14.1"
  dependencies:
    assert-plus: ^1.0.0
  checksum: ae1c06eeabf13a791303aeee536bd96b2ef24ecb77cbb69072297b389b91329131b8b7134289fe83bd6eccf6ec674e8d712dd9e8aea1b4aabaf3d46c2fb4db83
  languageName: node
  linkType: hard

"delayed-stream@npm:~1.0.0":
  version: 1.0.0
  resolution: "delayed-stream@npm:1.0.0"
  checksum: 859d2824377d82c7e9b182da9c3799753d7271b223f83c141adca59674ae1df4b3215d7b9faa7555f943772f75c4ab98895e2ecba43ff904338d9208535f9af6
  languageName: node
  linkType: hard

"ecc-jsbn@npm:~0.1.1":
  version: 0.1.2
  resolution: "ecc-jsbn@npm:0.1.2"
  dependencies:
    jsbn: ~0.1.0
    safer-buffer: ^2.1.0
  checksum: 4e31135f449b97f6155426873293f9270a2c2885520ad85e700665b680354bd3c1223783f822c4ad19fbe7899a2dff33794ddd7d25d234a7529b16b999c9ed83
  languageName: node
  linkType: hard

"extend@npm:~3.0.2":
  version: 3.0.2
  resolution: "extend@npm:3.0.2"
  checksum: 3df56be8d20d6a282e712c3c6aa4548ccdddd2dcfacc96a79ef23529c3b5d267e995cdb285aac2ed6d65bd556dc71ee8fef1c01d1fca9ef148fd9e5d1ecbb924
  languageName: node
  linkType: hard

"extsprintf@npm:1.3.0, extsprintf@npm:^1.2.0":
  version: 1.3.0
  resolution: "extsprintf@npm:1.3.0"
  checksum: 8cf20d3044b6333076eacb7b134fa56586273e9d47ad4fa3e396ce0b6f79d575c32212c579db2de1c1991c02b58f71ad269cfdffdbd193fa040b0bfff233955f
  languageName: node
  linkType: hard

"facebook-nodejs-business-sdk@npm:^7.0.0":
  version: 7.0.0
  resolution: "facebook-nodejs-business-sdk@npm:7.0.0"
  dependencies:
    currency-codes: ^1.5.1
    iso-3166-1-alpha-2: 1.0.0
    js-sha256: ^0.9.0
    mixwith: ~0.1.1
    request: ^2.88.0
    request-promise: ~4.1.1
  checksum: 9f44825cab2b36e0807b329c1c5c610983502a6896fa3ae99e7334ce46a8e33f8e2595c462bb65d879396f7c4fb20f4085d48cb0ac9a2838399f06fc3ed85e71
  languageName: node
  linkType: hard

"fast-deep-equal@npm:^3.1.1":
  version: 3.1.3
  resolution: "fast-deep-equal@npm:3.1.3"
  checksum: f8ea60449b729b4c64215b347c88fa004cec3df077a404512c1788a66a0322ebf7de4f7cd26fb9353fbed59d43fd155ed46cb627fa11403082b5455f092a80f2
  languageName: node
  linkType: hard

"fast-json-stable-stringify@npm:^2.0.0":
  version: 2.1.0
  resolution: "fast-json-stable-stringify@npm:2.1.0"
  checksum: b283f2a6f85792d6a1a25f17b0d8d5c460d579cd2df6dbfe71661936dbc08eb29ae074f1bdd642d58196dfb3027bf12bb9dbac9f511b4d43bacae5bd5a90aef1
  languageName: node
  linkType: hard

"first-match@npm:~0.0.1":
  version: 0.0.1
  resolution: "first-match@npm:0.0.1"
  checksum: e97be55967f48cd4c968f9d732f5d9ffcc410e46374526af8e2e4b282ba9db5241dfb81d4ab6c68f9884d950efd11c6f70f94eddcb440a77014ece3403347527
  languageName: node
  linkType: hard

"forever-agent@npm:~0.6.1":
  version: 0.6.1
  resolution: "forever-agent@npm:0.6.1"
  checksum: c93124c19389fc884c5caa376c76789789a9f7d94a6079214abfc87a2b49c2b6388e3bc2214b8f1442f1e92ca574cc48f7dd6b9a52bb199f3cec75fd5ff59f7f
  languageName: node
  linkType: hard

"form-data@npm:~2.3.2":
  version: 2.3.3
  resolution: "form-data@npm:2.3.3"
  dependencies:
    asynckit: ^0.4.0
    combined-stream: ^1.0.6
    mime-types: ^2.1.12
  checksum: 8f61c21715cc87df4ba26f46ef8feab2198b3ef0ff933ea73f256683ee1bbe7a9b09d78c008a5eaa1e45ff5bfb05d473976b18a0a9640ffeaa0cb7a0079a68b2
  languageName: node
  linkType: hard

"getpass@npm:^0.1.1":
  version: 0.1.7
  resolution: "getpass@npm:0.1.7"
  dependencies:
    assert-plus: ^1.0.0
  checksum: dc1d4184d1b3ea565b2f223542615bd2c16905563827172e2ca9a0e2e0dcc1173407b0523ca15dbd53bf8b75b4485a1815ccb0bfeb4668e1d2520899cb5c57f5
  languageName: node
  linkType: hard

"har-schema@npm:^2.0.0":
  version: 2.0.0
  resolution: "har-schema@npm:2.0.0"
  checksum: dc922e19113c0d52351adb6307e9971e5ff82cae901ac09e6a8000dde7bf5da736c936e05ddfe1a53811a0e4f702efc71aeb8dcd4d8f1a3bda6ccff77b86288e
  languageName: node
  linkType: hard

"har-validator@npm:~5.1.3":
  version: 5.1.3
  resolution: "har-validator@npm:5.1.3"
  dependencies:
    ajv: ^6.5.5
    har-schema: ^2.0.0
  checksum: 048be5641c1cacfa8e72084e042d198e2f34ef4eca3d61ac3612402b45f6983c3d2d01ea16beb0d37902bd3d6310ffaa0b5f3c9b7b1219601252e1467bf09f28
  languageName: node
  linkType: hard

"http-signature@npm:~1.2.0":
  version: 1.2.0
  resolution: "http-signature@npm:1.2.0"
  dependencies:
    assert-plus: ^1.0.0
    jsprim: ^1.2.2
    sshpk: ^1.7.0
  checksum: c04e17a347d732bfaa4ddc22dacba181475cc378dfbb1cd0ac9f911d38ee9d693370dc119082c1a9789871e7c114bbb5317abb1da3391bee02ae26e4adcadaad
  languageName: node
  linkType: hard

"is-typedarray@npm:~1.0.0":
  version: 1.0.0
  resolution: "is-typedarray@npm:1.0.0"
  checksum: 781a95df2e18eaa0ddf4cd1ea0aa1b81cbfc9139d19f551cfc90db4d1a555c3d3f907ac8194ed312512c3b87b160fecb5bf453d2226e54d5e63c3757523a05e5
  languageName: node
  linkType: hard

"iso-3166-1-alpha-2@npm:1.0.0":
  version: 1.0.0
  resolution: "iso-3166-1-alpha-2@npm:1.0.0"
  dependencies:
    mout: ^0.11.0
  checksum: 4e476e7ad69761cb19e042d2223fabf6255b5a751775a25801e9ae0d3dbed326ced02cec3ea9223d49327d1c3b36aa34e5227d23609c6821f2c08cbb9ed1bcd5
  languageName: node
  linkType: hard

"isstream@npm:~0.1.2":
  version: 0.1.2
  resolution: "isstream@npm:0.1.2"
  checksum: aa7954a14871449e27bbbb5918f773964661b19287a6e6a6dccfba1f3680fb01605d13ac866c4032449fd6e7d307c7456709bb62f4fe6735a4ecfab37c1918c6
  languageName: node
  linkType: hard

"js-sha256@npm:^0.9.0":
  version: 0.9.0
  resolution: "js-sha256@npm:0.9.0"
  checksum: e3a5b033b19586dcbdd68ad97b5660b03943bafec7d633a0f324ea35163afd0e9de15f19f22cb4fadd250435a0e4327f46b57b3dfc2e267b980bee185757179b
  languageName: node
  linkType: hard

"jsbn@npm:~0.1.0":
  version: 0.1.1
  resolution: "jsbn@npm:0.1.1"
  checksum: 0a485f89e5bd9ffa84ed65e1d840c3398a0d3eeecd1211ceca545050298a5dc1c0cfe9f2d0d779785b583cb6c3b3cff50d7a89e407cbcad29b474e7a2cf6ac1e
  languageName: node
  linkType: hard

"json-schema-traverse@npm:^0.4.1":
  version: 0.4.1
  resolution: "json-schema-traverse@npm:0.4.1"
  checksum: 511768bce007e0e4f505c08f94f2c59f8aeabc9e6f0f187e7e1838ff445b022d05107a6aaac62dee3e2e6a6b2265e23a0b625255a98700f88c104ad4b97e525d
  languageName: node
  linkType: hard

"json-schema@npm:0.2.3":
  version: 0.2.3
  resolution: "json-schema@npm:0.2.3"
  checksum: 33b4fdb870fb86d6882791b59892535a2466573a156c4649cfeff4d07a8c59bd9fb54d46609567cad88c0de60a46276d0d469bcde45fabc20c166c7bb3bc04b9
  languageName: node
  linkType: hard

"json-stringify-safe@npm:~5.0.1":
  version: 5.0.1
  resolution: "json-stringify-safe@npm:5.0.1"
  checksum: b3d9281f42e16fab884eaa6294cba891730f38e1e64049d3bfd41057878b52d53a0be309ff8a4968c30efc5065585b7c9cabdc05336d7d277866f4b28241a924
  languageName: node
  linkType: hard

"jsprim@npm:^1.2.2":
  version: 1.4.1
  resolution: "jsprim@npm:1.4.1"
  dependencies:
    assert-plus: 1.0.0
    extsprintf: 1.3.0
    json-schema: 0.2.3
    verror: 1.10.0
  checksum: c4afef21da19a73379df0d906b354b401db318096b0e711cc7927547b8d37788a2f7768c875d5abdfc02613cb3af0d943f4d505b9f2e28fa09d2d0d12851ff53
  languageName: node
  linkType: hard

"lodash@npm:^4.13.1":
  version: 4.17.15
  resolution: "lodash@npm:4.17.15"
  checksum: b018ec8d4c95f14a4b57005a247eca1bc25639322939471a1958d3bc721b4f18e90edb6ea564854593a8bc1f94956a0352cf0cd372991b98c42d61c0cd11e5a3
  languageName: node
  linkType: hard

"mime-db@npm:1.44.0":
  version: 1.44.0
  resolution: "mime-db@npm:1.44.0"
  checksum: 0768adc37250c11ec9bb787ed051caf3d339a1692b933cb053eef025391b3553915bbe8f5a88101faf79370463136ada53731d3bc1b1f7b1a95193afb9d96f67
  languageName: node
  linkType: hard

"mime-types@npm:^2.1.12, mime-types@npm:~2.1.19":
  version: 2.1.27
  resolution: "mime-types@npm:2.1.27"
  dependencies:
    mime-db: 1.44.0
  checksum: b7116733e0ddf3f8cc69e13a981e0d139e751214efdb5df5d87b8ddb4e3177a429f34327aa38916b998d51a2ead45a160cd3c0bb8c7718de89d7b2a788d1a9d1
  languageName: node
  linkType: hard

"mixwith@npm:~0.1.1":
  version: 0.1.1
  resolution: "mixwith@npm:0.1.1"
  checksum: c9e12fa74e95f841207136ee6e7eb88995959f85125272bffeb66644114229bfc465f23693b2ef5eb28b3ec311eff54e9067138c2ad08a0e92b82f731ba69eb6
  languageName: node
  linkType: hard

"mout@npm:^0.11.0":
  version: 0.11.1
  resolution: "mout@npm:0.11.1"
  checksum: 9af03d4da3e6bfcea988c442be889117024e49b07cbcf5b7f2e7d75bb3cd5812a5efece578e7738e124bd1699bec6eced14f44b4c7f78b40ddf3063e3fe8caea
  languageName: node
  linkType: hard

"nub@npm:~0.0.0":
  version: 0.0.0
  resolution: "nub@npm:0.0.0"
  checksum: 95cfb33c7db5fa48672b69012214787c9cff820945f30a60f16175574aa479bef2a13daea297c56afc318a7dc2123699f2a5548cb6e7a0b05dfffe5ffe427c04
  languageName: node
  linkType: hard

"oauth-sign@npm:~0.9.0":
  version: 0.9.0
  resolution: "oauth-sign@npm:0.9.0"
  checksum: f4cb09c65243732ca9d7a9279b29f0c1ae1cdf15722a23c19b5f37cb693545df7822c29d506a10991aaf12231976361ed2a9c90a18101a73f990df5423954d9b
  languageName: node
  linkType: hard

"performance-now@npm:^2.1.0":
  version: 2.1.0
  resolution: "performance-now@npm:2.1.0"
  checksum: 6a5b3d6104304d00a0ec4bbf2799bfb1e2dcfe5403d7d1c3c9a595451b32acb7396c831817730288e4a33cae5de0d3c76d38cfebb62b59927a021b3300f8d29e
  languageName: node
  linkType: hard

"psl@npm:^1.1.28":
  version: 1.8.0
  resolution: "psl@npm:1.8.0"
  checksum: 10346d05a83778dd53160f62b5fa85cfbb841b11e1cf7436d3b222238fe49b0473eafe3bb15570f07513b401e4d0ff1efad38fd98ab356e0c2516938dd58db54
  languageName: node
  linkType: hard

"punycode@npm:^2.1.0, punycode@npm:^2.1.1":
  version: 2.1.1
  resolution: "punycode@npm:2.1.1"
  checksum: 497a65093f48fc94a91a2166cf4365d162ab07977adc8dc23dfb6c109c3d0dc004ea3623813a64e62992ad85d14b6a13a489055acd5c4763f56cae0733d71095
  languageName: node
  linkType: hard

"qs@npm:^6.6.0":
  version: 6.9.4
  resolution: "qs@npm:6.9.4"
  checksum: c35763402a9a24425599d4e6aa401b0979bd74cfd7c75d2a6791dc022d333a573904ca2b99e22c1677de492931672e40588cc541ca43ddabe80e87bf5624909f
  languageName: node
  linkType: hard

"qs@npm:~6.5.2":
  version: 6.5.2
  resolution: "qs@npm:6.5.2"
  checksum: 0e9377802164c7a454397660305eaa3b2e10afd915cff80dedab1b90ebc017105a3cfc6d995116374cd2d07d18349478b9ad1eb1ac72596c402b89010e46c0e5
  languageName: node
  linkType: hard

"request-promise-core@npm:1.1.1":
  version: 1.1.1
  resolution: "request-promise-core@npm:1.1.1"
  dependencies:
    lodash: ^4.13.1
  peerDependencies:
    request: ^2.34
  checksum: e8fcd5d6f0e90b81b1f3868347100a71ac39e0c4bcef1f5ff001d20530a28b0e4ac2afef28b9b9e8b826aea7dccd8a2c2a096b83d1c69aee7c6f160b9c7e1a3b
  languageName: node
  linkType: hard

"request-promise@npm:~4.1.1":
  version: 4.1.1
  resolution: "request-promise@npm:4.1.1"
  dependencies:
    bluebird: ^3.4.1
    request-promise-core: 1.1.1
    stealthy-require: ^1.0.0
  peerDependencies:
    request: ^2.34
  checksum: 7f37d6d2f57e71b53276eda6c19074ae3b36a45a01063bf0788b40234a7c8a105c7abb926f560e5e42eaf76f49dfd998134ecfa20fff63d05523b4ba2c9340e6
  languageName: node
  linkType: hard

"request@npm:^2.88.0":
  version: 2.88.2
  resolution: "request@npm:2.88.2"
  dependencies:
    aws-sign2: ~0.7.0
    aws4: ^1.8.0
    caseless: ~0.12.0
    combined-stream: ~1.0.6
    extend: ~3.0.2
    forever-agent: ~0.6.1
    form-data: ~2.3.2
    har-validator: ~5.1.3
    http-signature: ~1.2.0
    is-typedarray: ~1.0.0
    isstream: ~0.1.2
    json-stringify-safe: ~5.0.1
    mime-types: ~2.1.19
    oauth-sign: ~0.9.0
    performance-now: ^2.1.0
    qs: ~6.5.2
    safe-buffer: ^5.1.2
    tough-cookie: ~2.5.0
    tunnel-agent: ^0.6.0
    uuid: ^3.3.2
  checksum: 4db1bc9abe42c52dd1c605689a21351d2226d8681d3b1fa99723deff71ee99e2fa0bbbae37fd94bb6ee15cc64b1b999fcacc2c4b0942cd8b0fbdac616d2a8c93
  languageName: node
  linkType: hard

"safe-buffer@npm:^5.0.1, safe-buffer@npm:^5.1.2":
  version: 5.2.1
  resolution: "safe-buffer@npm:5.2.1"
  checksum: 99938fe11c04e9131fc12e5ad8980d0646af18640300c8fb84a5c0091a6552cf0147190c8b89f4d3398d6d768b8d299ccbdf2ed529b162497820ddb05c6309fc
  languageName: node
  linkType: hard

"safer-buffer@npm:^2.0.2, safer-buffer@npm:^2.1.0, safer-buffer@npm:~2.1.0":
  version: 2.1.2
  resolution: "safer-buffer@npm:2.1.2"
  checksum: cfd3f4d7dc37db071c3b36c8e4315e3912e70f1a44c87936cafb6b3b15af362893ca02da703398fbbc299c1599fa49fca9ddda41ffd347adda417f988848dcf2
  languageName: node
  linkType: hard

"sshpk@npm:^1.7.0":
  version: 1.16.1
  resolution: "sshpk@npm:1.16.1"
  dependencies:
    asn1: ~0.2.3
    assert-plus: ^1.0.0
    bcrypt-pbkdf: ^1.0.0
    dashdash: ^1.12.0
    ecc-jsbn: ~0.1.1
    getpass: ^0.1.1
    jsbn: ~0.1.0
    safer-buffer: ^2.0.2
    tweetnacl: ~0.14.0
  bin:
    sshpk-conv: bin/sshpk-conv
    sshpk-sign: bin/sshpk-sign
    sshpk-verify: bin/sshpk-verify
  checksum: fa6553d407039dd527e65ec6dbd783eee7ac946db774d738830d996709b655e5b3072def8c81fd6f454293f88607039aba7fc2a149b93a2d4526ab8671c8885c
  languageName: node
  linkType: hard

"stealthy-require@npm:^1.0.0":
  version: 1.1.1
  resolution: "stealthy-require@npm:1.1.1"
  checksum: ac27495d1a1d6018109606146a83203471ef1ebadac2c4cd3ea6fd5468596f0a0ba2d5cfcb2d5ffb3a77f8e80379a6ecfd496fbf5a224e9ab88fd675eecf4941
  languageName: node
  linkType: hard

"stripe-fb-node@workspace:.":
  version: 0.0.0-use.local
  resolution: "stripe-fb-node@workspace:."
  dependencies:
    facebook-nodejs-business-sdk: ^7.0.0
    stripe: ^8.64.0
  languageName: unknown
  linkType: soft

"stripe@npm:^8.64.0":
  version: 8.64.0
  resolution: "stripe@npm:8.64.0"
  dependencies:
    "@types/node": ">=8.1.0"
    qs: ^6.6.0
  checksum: 1496231ba24274b7b07ab27407179c926a6de6b1b8300696fdf515f75a6ff0693502688ab42e750f84b2932f1632bf3268862b14097eb2544608dd2591d5bb3f
  languageName: node
  linkType: hard

"tough-cookie@npm:~2.5.0":
  version: 2.5.0
  resolution: "tough-cookie@npm:2.5.0"
  dependencies:
    psl: ^1.1.28
    punycode: ^2.1.1
  checksum: a0e7092d1818d4ab1ba1caddbabe7037dbaf180ef67d811c940bb550bc3b988472e2b2e3368f9ede80d12a369044f05afe03053ecb0f54df7870c4744cd6b065
  languageName: node
  linkType: hard

"tunnel-agent@npm:^0.6.0":
  version: 0.6.0
  resolution: "tunnel-agent@npm:0.6.0"
  dependencies:
    safe-buffer: ^5.0.1
  checksum: 42dde635e062df310cb74826836711913c410ab0141299ac9c06f311fc1d00624f0fbac442695fef06a800e0c7a498cb5532b2ad3ab6357baac47904896e1dde
  languageName: node
  linkType: hard

"tweetnacl@npm:^0.14.3, tweetnacl@npm:~0.14.0":
  version: 0.14.5
  resolution: "tweetnacl@npm:0.14.5"
  checksum: 8494c8d72852a438fc945a5b290af9e0aaa2f98491ee77022ae14845e403462e63e56379ba3ca917106a54b4007855586b174ad34d0c0ef740998e72e3ecdd60
  languageName: node
  linkType: hard

"uri-js@npm:^4.2.2":
  version: 4.2.2
  resolution: "uri-js@npm:4.2.2"
  dependencies:
    punycode: ^2.1.0
  checksum: a81e6af3f3e978391eadbc0425c786867f5ea519234ceece60aeda7d614fb3f025ff195f97a0900b8deb129996296b30b39993b4edce0d85c119833254f8836f
  languageName: node
  linkType: hard

"uuid@npm:^3.3.2":
  version: 3.4.0
  resolution: "uuid@npm:3.4.0"
  bin:
    uuid: ./bin/uuid
  checksum: 28cbce9f7d0d63229a0a1926bac76d72c22ff21009e5581477c5dad59e00a52ea48f487048476c85fd9dddcd7a29216475d33e4da851ccf8fe04baafe2957c74
  languageName: node
  linkType: hard

"verror@npm:1.10.0":
  version: 1.10.0
  resolution: "verror@npm:1.10.0"
  dependencies:
    assert-plus: ^1.0.0
    core-util-is: 1.0.2
    extsprintf: ^1.2.0
  checksum: e1632bbbd6b056ac26037da4ebe46ad9934625ad2945823ca7d83027cd9229da47a57347c1933961efd32a8f1ee0e8f099cf4658f1b83b85d3fabe8c813d7a96
  languageName: node
  linkType: hard
